
Microsoft Visual Studio Solution File, Format Version 12.00
# Visual Studio Version 17
VisualStudioVersion = 17.9.34723.18
MinimumVisualStudioVersion = 10.0.40219.1
Project("{FAE04EC0-301F-11D3-BF4B-00C04F79EFBC}") = "Inheritance (OOP)", "Inheritance (OOP)\Inheritance (OOP).csproj", "{1F03A001-4CE2-4F71-9A92-AE2FCF9897CE}"
EndProject
Global
	GlobalSection(SolutionConfigurationPlatforms) = preSolution
		Debug|Any CPU = Debug|Any CPU
		Release|Any CPU = Release|Any CPU
	EndGlobalSection
	GlobalSection(ProjectConfigurationPlatforms) = postSolution
		{1F03A001-4CE2-4F71-9A92-AE2FCF9897CE}.Debug|Any CPU.ActiveCfg = Debug|Any CPU
		{1F03A001-4CE2-4F71-9A92-AE2FCF9897CE}.Debug|Any CPU.Build.0 = Debug|Any CPU
		{1F03A001-4CE2-4F71-9A92-AE2FCF9897CE}.Release|Any CPU.ActiveCfg = Release|Any CPU
		{1F03A001-4CE2-4F71-9A92-AE2FCF9897CE}.Release|Any CPU.Build.0 = Release|Any CPU
	EndGlobalSection
	GlobalSection(SolutionProperties) = preSolution
		HideSolutionNode = FALSE
	EndGlobalSection
	GlobalSection(ExtensibilityGlobals) = postSolution
		SolutionGuid = {A02C5CF2-067A-47C5-88D1-13D048839FEF}
	EndGlobalSection
EndGlobal
